
Microsoft Visual Studio Solution File, Format Version 12.00
# Visual Studio Version 16
VisualStudioVersion = 16.0.30011.22
MinimumVisualStudioVersion = 10.0.40219.1
Project("{FAE04EC0-301F-11D3-BF4B-00C04F79EFBC}") = "CalculatorApp", "CalculatorApp\CalculatorApp.csproj", "{AEDBA53E-1654-45B3-BD2C-24928AE6A5CB}"
EndProject
Global
	GlobalSection(SolutionConfigurationPlatforms) = preSolution
		Debug|Any CPU = Debug|Any CPU
		Release|Any CPU = Release|Any CPU
	EndGlobalSection
	GlobalSection(ProjectConfigurationPlatforms) = postSolution
		{AEDBA53E-1654-45B3-BD2C-24928AE6A5CB}.Debug|Any CPU.ActiveCfg = Debug|Any CPU
		{AEDBA53E-1654-45B3-BD2C-24928AE6A5CB}.Debug|Any CPU.Build.0 = Debug|Any CPU
		{AEDBA53E-1654-45B3-BD2C-24928AE6A5CB}.Release|Any CPU.ActiveCfg = Release|Any CPU
		{AEDBA53E-1654-45B3-BD2C-24928AE6A5CB}.Release|Any CPU.Build.0 = Release|Any CPU
	EndGlobalSection
	GlobalSection(SolutionProperties) = preSolution
		HideSolutionNode = FALSE
	EndGlobalSection
	GlobalSection(ExtensibilityGlobals) = postSolution
		SolutionGuid = {FC0D69BB-EE26-4DA2-8804-9CF380B2A11E}
	EndGlobalSection
EndGlobal
